
Microsoft Visual Studio Solution File, Format Version 12.00
# Visual Studio 16
Project("{FAE04EC0-301F-11D3-BF4B-00C04F79EFBC}") = "Assembly-CSharp", "Assembly-CSharp.csproj", "{2AE7D549-DF46-2E33-B341-7E9AD7FDB59C}"
EndProject
Project("{FAE04EC0-301F-11D3-BF4B-00C04F79EFBC}") = "Assembly-CSharp-Editor", "Assembly-CSharp-Editor.csproj", "{3C27DB37-2992-0648-1B33-D3A93B58B97B}"
EndProject
Global
	GlobalSection(SolutionConfigurationPlatforms) = preSolution
		Debug|Any CPU = Debug|Any CPU
		Release|Any CPU = Release|Any CPU
	EndGlobalSection
	GlobalSection(ProjectConfigurationPlatforms) = postSolution
		{2AE7D549-DF46-2E33-B341-7E9AD7FDB59C}.Debug|Any CPU.ActiveCfg = Debug|Any CPU
		{2AE7D549-DF46-2E33-B341-7E9AD7FDB59C}.Debug|Any CPU.Build.0 = Debug|Any CPU
		{2AE7D549-DF46-2E33-B341-7E9AD7FDB59C}.Release|Any CPU.ActiveCfg = Release|Any CPU
		{2AE7D549-DF46-2E33-B341-7E9AD7FDB59C}.Release|Any CPU.Build.0 = Release|Any CPU
		{3C27DB37-2992-0648-1B33-D3A93B58B97B}.Debug|Any CPU.ActiveCfg = Debug|Any CPU
		{3C27DB37-2992-0648-1B33-D3A93B58B97B}.Debug|Any CPU.Build.0 = Debug|Any CPU
		{3C27DB37-2992-0648-1B33-D3A93B58B97B}.Release|Any CPU.ActiveCfg = Release|Any CPU
		{3C27DB37-2992-0648-1B33-D3A93B58B97B}.Release|Any CPU.Build.0 = Release|Any CPU
	EndGlobalSection
	GlobalSection(SolutionProperties) = preSolution
		HideSolutionNode = FALSE
	EndGlobalSection
	GlobalSection(MonoDevelopProperties) = preSolution
		StartupItem = Assembly-CSharp.csproj
	EndGlobalSection
EndGlobal
